// !$*UTF8*$!
{
	archiveVersion = 1;
	classes = {
	};
	objectVersion = 51;
	objects = {

/* Begin PBXBuildFile section */
		4958A9E7DE66AADF71159D0B /* Pods_UalaTestTests.framework in Frameworks */ = {isa = PBXBuildFile; fileRef = B6B77838272F728B6669538D /* Pods_UalaTestTests.framework */; };
		89C91A3C25BCD85F00C545F5 /* AppDelegate.swift in Sources */ = {isa = PBXBuildFile; fileRef = 89C91A3B25BCD85F00C545F5 /* AppDelegate.swift */; };
		89C91A3E25BCD85F00C545F5 /* SceneDelegate.swift in Sources */ = {isa = PBXBuildFile; fileRef = 89C91A3D25BCD85F00C545F5 /* SceneDelegate.swift */; };
		89C91A4525BCD86000C545F5 /* Assets.xcassets in Resources */ = {isa = PBXBuildFile; fileRef = 89C91A4425BCD86000C545F5 /* Assets.xcassets */; };
		89C91A4825BCD86000C545F5 /* LaunchScreen.storyboard in Resources */ = {isa = PBXBuildFile; fileRef = 89C91A4625BCD86000C545F5 /* LaunchScreen.storyboard */; };
		89C91A5325BCD86000C545F5 /* UalaTestTests.swift in Sources */ = {isa = PBXBuildFile; fileRef = 89C91A5225BCD86000C545F5 /* UalaTestTests.swift */; };
		89C91A5E25BCDA4D00C545F5 /* Coordinator.swift in Sources */ = {isa = PBXBuildFile; fileRef = 89C91A5D25BCDA4D00C545F5 /* Coordinator.swift */; };
		89C91A6025BCDA6D00C545F5 /* AppCoordinator.swift in Sources */ = {isa = PBXBuildFile; fileRef = 89C91A5F25BCDA6D00C545F5 /* AppCoordinator.swift */; };
		89C91A6325BCDC0C00C545F5 /* MealService.swift in Sources */ = {isa = PBXBuildFile; fileRef = 89C91A6225BCDC0C00C545F5 /* MealService.swift */; };
		89C91A6725BCE02400C545F5 /* ServiceBase.swift in Sources */ = {isa = PBXBuildFile; fileRef = 89C91A6625BCE02400C545F5 /* ServiceBase.swift */; };
		89E0B59625BCEAF9002B583A /* Meal.swift in Sources */ = {isa = PBXBuildFile; fileRef = 89E0B59525BCEAF9002B583A /* Meal.swift */; };
		C421B3A3DEBF735EF13AD2F3 /* Pods_UalaTest.framework in Frameworks */ = {isa = PBXBuildFile; fileRef = D7324DC4BACF28C81F478045 /* Pods_UalaTest.framework */; };
/* End PBXBuildFile section */

/* Begin PBXContainerItemProxy section */
		89C91A4F25BCD86000C545F5 /* PBXContainerItemProxy */ = {
			isa = PBXContainerItemProxy;
			containerPortal = 89C91A3025BCD85F00C545F5 /* Project object */;
			proxyType = 1;
			remoteGlobalIDString = 89C91A3725BCD85F00C545F5;
			remoteInfo = UalaTest;
		};
/* End PBXContainerItemProxy section */

/* Begin PBXFileReference section */
		1ABC590428872BF1A58562E8 /* Pods-UalaTest.debug.xcconfig */ = {isa = PBXFileReference; includeInIndex = 1; lastKnownFileType = text.xcconfig; name = "Pods-UalaTest.debug.xcconfig"; path = "Target Support Files/Pods-UalaTest/Pods-UalaTest.debug.xcconfig"; sourceTree = "<group>"; };
		2FA3F54C6D22541805827A38 /* Pods-UalaTestTests.debug.xcconfig */ = {isa = PBXFileReference; includeInIndex = 1; lastKnownFileType = text.xcconfig; name = "Pods-UalaTestTests.debug.xcconfig"; path = "Target Support Files/Pods-UalaTestTests/Pods-UalaTestTests.debug.xcconfig"; sourceTree = "<group>"; };
		5F15E58643CFA214A258B3C5 /* Pods-UalaTest.release.xcconfig */ = {isa = PBXFileReference; includeInIndex = 1; lastKnownFileType = text.xcconfig; name = "Pods-UalaTest.release.xcconfig"; path = "Target Support Files/Pods-UalaTest/Pods-UalaTest.release.xcconfig"; sourceTree = "<group>"; };
		7A4A4B53DCDBC3BFD6EF15B7 /* Pods-UalaTestTests.release.xcconfig */ = {isa = PBXFileReference; includeInIndex = 1; lastKnownFileType = text.xcconfig; name = "Pods-UalaTestTests.release.xcconfig"; path = "Target Support Files/Pods-UalaTestTests/Pods-UalaTestTests.release.xcconfig"; sourceTree = "<group>"; };
		89C91A3825BCD85F00C545F5 /* UalaTest.app */ = {isa = PBXFileReference; explicitFileType = wrapper.application; includeInIndex = 0; path = UalaTest.app; sourceTree = BUILT_PRODUCTS_DIR; };
		89C91A3B25BCD85F00C545F5 /* AppDelegate.swift */ = {isa = PBXFileReference; lastKnownFileType = sourcecode.swift; path = AppDelegate.swift; sourceTree = "<group>"; };
		89C91A3D25BCD85F00C545F5 /* SceneDelegate.swift */ = {isa = PBXFileReference; lastKnownFileType = sourcecode.swift; path = SceneDelegate.swift; sourceTree = "<group>"; };
		89C91A4425BCD86000C545F5 /* Assets.xcassets */ = {isa = PBXFileReference; lastKnownFileType = folder.assetcatalog; path = Assets.xcassets; sourceTree = "<group>"; };
		89C91A4725BCD86000C545F5 /* Base */ = {isa = PBXFileReference; lastKnownFileType = file.storyboard; name = Base; path = Base.lproj/LaunchScreen.storyboard; sourceTree = "<group>"; };
		89C91A4925BCD86000C545F5 /* Info.plist */ = {isa = PBXFileReference; lastKnownFileType = text.plist.xml; path = Info.plist; sourceTree = "<group>"; };
		89C91A4E25BCD86000C545F5 /* UalaTestTests.xctest */ = {isa = PBXFileReference; explicitFileType = wrapper.cfbundle; includeInIndex = 0; path = UalaTestTests.xctest; sourceTree = BUILT_PRODUCTS_DIR; };
		89C91A5225BCD86000C545F5 /* UalaTestTests.swift */ = {isa = PBXFileReference; lastKnownFileType = sourcecode.swift; path = UalaTestTests.swift; sourceTree = "<group>"; };
		89C91A5425BCD86000C545F5 /* Info.plist */ = {isa = PBXFileReference; lastKnownFileType = text.plist.xml; path = Info.plist; sourceTree = "<group>"; };
		89C91A5D25BCDA4D00C545F5 /* Coordinator.swift */ = {isa = PBXFileReference; lastKnownFileType = sourcecode.swift; path = Coordinator.swift; sourceTree = "<group>"; };
		89C91A5F25BCDA6D00C545F5 /* AppCoordinator.swift */ = {isa = PBXFileReference; lastKnownFileType = sourcecode.swift; path = AppCoordinator.swift; sourceTree = "<group>"; };
		89C91A6225BCDC0C00C545F5 /* MealService.swift */ = {isa = PBXFileReference; lastKnownFileType = sourcecode.swift; path = MealService.swift; sourceTree = "<group>"; };
		89C91A6625BCE02400C545F5 /* ServiceBase.swift */ = {isa = PBXFileReference; lastKnownFileType = sourcecode.swift; path = ServiceBase.swift; sourceTree = "<group>"; };
		89E0B59525BCEAF9002B583A /* Meal.swift */ = {isa = PBXFileReference; lastKnownFileType = sourcecode.swift; path = Meal.swift; sourceTree = "<group>"; };
		B6B77838272F728B6669538D /* Pods_UalaTestTests.framework */ = {isa = PBXFileReference; explicitFileType = wrapper.framework; includeInIndex = 0; path = Pods_UalaTestTests.framework; sourceTree = BUILT_PRODUCTS_DIR; };
		D7324DC4BACF28C81F478045 /* Pods_UalaTest.framework */ = {isa = PBXFileReference; explicitFileType = wrapper.framework; includeInIndex = 0; path = Pods_UalaTest.framework; sourceTree = BUILT_PRODUCTS_DIR; };
/* End PBXFileReference section */

/* Begin PBXFrameworksBuildPhase section */
		89C91A3525BCD85F00C545F5 /* Frameworks */ = {
			isa = PBXFrameworksBuildPhase;
			buildActionMask = 2147483647;
			files = (
				C421B3A3DEBF735EF13AD2F3 /* Pods_UalaTest.framework in Frameworks */,
			);
			runOnlyForDeploymentPostprocessing = 0;
		};
		89C91A4B25BCD86000C545F5 /* Frameworks */ = {
			isa = PBXFrameworksBuildPhase;
			buildActionMask = 2147483647;
			files = (
				4958A9E7DE66AADF71159D0B /* Pods_UalaTestTests.framework in Frameworks */,
			);
			runOnlyForDeploymentPostprocessing = 0;
		};
/* End PBXFrameworksBuildPhase section */

/* Begin PBXGroup section */
		7BFAE2290B44F769855F962A /* Frameworks */ = {
			isa = PBXGroup;
			children = (
				D7324DC4BACF28C81F478045 /* Pods_UalaTest.framework */,
				B6B77838272F728B6669538D /* Pods_UalaTestTests.framework */,
			);
			name = Frameworks;
			sourceTree = "<group>";
		};
		89C91A2F25BCD85F00C545F5 = {
			isa = PBXGroup;
			children = (
				89C91A3A25BCD85F00C545F5 /* UalaTest */,
				89C91A5125BCD86000C545F5 /* UalaTestTests */,
				89C91A3925BCD85F00C545F5 /* Products */,
				DC1FE2CAE63F2DBEBA714877 /* Pods */,
				7BFAE2290B44F769855F962A /* Frameworks */,
			);
			sourceTree = "<group>";
		};
		89C91A3925BCD85F00C545F5 /* Products */ = {
			isa = PBXGroup;
			children = (
				89C91A3825BCD85F00C545F5 /* UalaTest.app */,
				89C91A4E25BCD86000C545F5 /* UalaTestTests.xctest */,
			);
			name = Products;
			sourceTree = "<group>";
		};
		89C91A3A25BCD85F00C545F5 /* UalaTest */ = {
			isa = PBXGroup;
			children = (
				89E0B59425BCEAEB002B583A /* Models */,
				89C91A6125BCDBA200C545F5 /* Services */,
				89C91A3B25BCD85F00C545F5 /* AppDelegate.swift */,
				89C91A3D25BCD85F00C545F5 /* SceneDelegate.swift */,
				89C91A4425BCD86000C545F5 /* Assets.xcassets */,
				89C91A4625BCD86000C545F5 /* LaunchScreen.storyboard */,
				89C91A4925BCD86000C545F5 /* Info.plist */,
				89C91A5D25BCDA4D00C545F5 /* Coordinator.swift */,
				89C91A5F25BCDA6D00C545F5 /* AppCoordinator.swift */,
			);
			path = UalaTest;
			sourceTree = "<group>";
		};
		89C91A5125BCD86000C545F5 /* UalaTestTests */ = {
			isa = PBXGroup;
			children = (
				89C91A5225BCD86000C545F5 /* UalaTestTests.swift */,
				89C91A5425BCD86000C545F5 /* Info.plist */,
			);
			path = UalaTestTests;
			sourceTree = "<group>";
		};
		89C91A6125BCDBA200C545F5 /* Services */ = {
			isa = PBXGroup;
			children = (
				89C91A6625BCE02400C545F5 /* ServiceBase.swift */,
				89C91A6225BCDC0C00C545F5 /* MealService.swift */,
			);
			path = Services;
			sourceTree = "<group>";
		};
		89E0B59425BCEAEB002B583A /* Models */ = {
			isa = PBXGroup;
			children = (
				89E0B59525BCEAF9002B583A /* Meal.swift */,
			);
			path = Models;
			sourceTree = "<group>";
		};
		DC1FE2CAE63F2DBEBA714877 /* Pods */ = {
			isa = PBXGroup;
			children = (
				1ABC590428872BF1A58562E8 /* Pods-UalaTest.debug.xcconfig */,
				5F15E58643CFA214A258B3C5 /* Pods-UalaTest.release.xcconfig */,
				2FA3F54C6D22541805827A38 /* Pods-UalaTestTests.debug.xcconfig */,
				7A4A4B53DCDBC3BFD6EF15B7 /* Pods-UalaTestTests.release.xcconfig */,
			);
			path = Pods;
			sourceTree = "<group>";
		};
/* End PBXGroup section */

/* Begin PBXNativeTarget section */
		89C91A3725BCD85F00C545F5 /* UalaTest */ = {
			isa = PBXNativeTarget;
			buildConfigurationList = 89C91A5725BCD86000C545F5 /* Build configuration list for PBXNativeTarget "UalaTest" */;
			buildPhases = (
				7DF9AC50E29CC063CE9DCD8A /* [CP] Check Pods Manifest.lock */,
				89C91A3425BCD85F00C545F5 /* Sources */,
				89C91A3525BCD85F00C545F5 /* Frameworks */,
				89C91A3625BCD85F00C545F5 /* Resources */,
				7402158542299C11EF16E921 /* [CP] Embed Pods Frameworks */,
			);
			buildRules = (
			);
			dependencies = (
			);
			name = UalaTest;
			productName = UalaTest;
			productReference = 89C91A3825BCD85F00C545F5 /* UalaTest.app */;
			productType = "com.apple.product-type.application";
		};
		89C91A4D25BCD86000C545F5 /* UalaTestTests */ = {
			isa = PBXNativeTarget;
			buildConfigurationList = 89C91A5A25BCD86000C545F5 /* Build configuration list for PBXNativeTarget "UalaTestTests" */;
			buildPhases = (
				49667C8E4E2055E82F1AD111 /* [CP] Check Pods Manifest.lock */,
				89C91A4A25BCD86000C545F5 /* Sources */,
				89C91A4B25BCD86000C545F5 /* Frameworks */,
				89C91A4C25BCD86000C545F5 /* Resources */,
			);
			buildRules = (
			);
			dependencies = (
				89C91A5025BCD86000C545F5 /* PBXTargetDependency */,
			);
			name = UalaTestTests;
			productName = UalaTestTests;
			productReference = 89C91A4E25BCD86000C545F5 /* UalaTestTests.xctest */;
			productType = "com.apple.product-type.bundle.unit-test";
		};
/* End PBXNativeTarget section */

/* Begin PBXProject section */
		89C91A3025BCD85F00C545F5 /* Project object */ = {
			isa = PBXProject;
			attributes = {
				LastSwiftUpdateCheck = 1130;
				LastUpgradeCheck = 1130;
				ORGANIZATIONNAME = piro;
				TargetAttributes = {
					89C91A3725BCD85F00C545F5 = {
						CreatedOnToolsVersion = 11.3.1;
					};
					89C91A4D25BCD86000C545F5 = {
						CreatedOnToolsVersion = 11.3.1;
						TestTargetID = 89C91A3725BCD85F00C545F5;
					};
				};
			};
			buildConfigurationList = 89C91A3325BCD85F00C545F5 /* Build configuration list for PBXProject "UalaTest" */;
			compatibilityVersion = "Xcode 9.3";
			developmentRegion = en;
			hasScannedForEncodings = 0;
			knownRegions = (
				en,
				Base,
			);
			mainGroup = 89C91A2F25BCD85F00C545F5;
			productRefGroup = 89C91A3925BCD85F00C545F5 /* Products */;
			projectDirPath = "";
			projectRoot = "";
			targets = (
				89C91A3725BCD85F00C545F5 /* UalaTest */,
				89C91A4D25BCD86000C545F5 /* UalaTestTests */,
			);
		};
/* End PBXProject section */

/* Begin PBXResourcesBuildPhase section */
		89C91A3625BCD85F00C545F5 /* Resources */ = {
			isa = PBXResourcesBuildPhase;
			buildActionMask = 2147483647;
			files = (
				89C91A4825BCD86000C545F5 /* LaunchScreen.storyboard in Resources */,
				89C91A4525BCD86000C545F5 /* Assets.xcassets in Resources */,
			);
			runOnlyForDeploymentPostprocessing = 0;
		};
		89C91A4C25BCD86000C545F5 /* Resources */ = {
			isa = PBXResourcesBuildPhase;
			buildActionMask = 2147483647;
			files = (
			);
			runOnlyForDeploymentPostprocessing = 0;
		};
/* End PBXResourcesBuildPhase section */

/* Begin PBXShellScriptBuildPhase section */
		49667C8E4E2055E82F1AD111 /* [CP] Check Pods Manifest.lock */ = {
			isa = PBXShellScriptBuildPhase;
			buildActionMask = 2147483647;
			files = (
			);
			inputFileListPaths = (
			);
			inputPaths = (
				"${PODS_PODFILE_DIR_PATH}/Podfile.lock",
				"${PODS_ROOT}/Manifest.lock",
			);
			name = "[CP] Check Pods Manifest.lock";
			outputFileListPaths = (
			);
			outputPaths = (
				"$(DERIVED_FILE_DIR)/Pods-UalaTestTests-checkManifestLockResult.txt",
			);
			runOnlyForDeploymentPostprocessing = 0;
			shellPath = /bin/sh;
			shellScript = "diff \"${PODS_PODFILE_DIR_PATH}/Podfile.lock\" \"${PODS_ROOT}/Manifest.lock\" > /dev/null\nif [ $? != 0 ] ; then\n    # print error to STDERR\n    echo \"error: The sandbox is not in sync with the Podfile.lock. Run 'pod install' or update your CocoaPods installation.\" >&2\n    exit 1\nfi\n# This output is used by Xcode 'outputs' to avoid re-running this script phase.\necho \"SUCCESS\" > \"${SCRIPT_OUTPUT_FILE_0}\"\n";
			showEnvVarsInLog = 0;
		};
		7402158542299C11EF16E921 /* [CP] Embed Pods Frameworks */ = {
			isa = PBXShellScriptBuildPhase;
			buildActionMask = 2147483647;
			files = (
			);
			inputFileListPaths = (
				"${PODS_ROOT}/Target Support Files/Pods-UalaTest/Pods-UalaTest-frameworks-${CONFIGURATION}-input-files.xcfilelist",
			);
			name = "[CP] Embed Pods Frameworks";
			outputFileListPaths = (
				"${PODS_ROOT}/Target Support Files/Pods-UalaTest/Pods-UalaTest-frameworks-${CONFIGURATION}-output-files.xcfilelist",
			);
			runOnlyForDeploymentPostprocessing = 0;
			shellPath = /bin/sh;
			shellScript = "\"${PODS_ROOT}/Target Support Files/Pods-UalaTest/Pods-UalaTest-frameworks.sh\"\n";
			showEnvVarsInLog = 0;
		};
		7DF9AC50E29CC063CE9DCD8A /* [CP] Check Pods Manifest.lock */ = {
			isa = PBXShellScriptBuildPhase;
			buildActionMask = 2147483647;
			files = (
			);
			inputFileListPaths = (
			);
			inputPaths = (
				"${PODS_PODFILE_DIR_PATH}/Podfile.lock",
				"${PODS_ROOT}/Manifest.lock",
			);
			name = "[CP] Check Pods Manifest.lock";
			outputFileListPaths = (
			);
			outputPaths = (
				"$(DERIVED_FILE_DIR)/Pods-UalaTest-checkManifestLockResult.txt",
			);
			runOnlyForDeploymentPostprocessing = 0;
			shellPath = /bin/sh;
			shellScript = "diff \"${PODS_PODFILE_DIR_PATH}/Podfile.lock\" \"${PODS_ROOT}/Manifest.lock\" > /dev/null\nif [ $? != 0 ] ; then\n    # print error to STDERR\n    echo \"error: The sandbox is not in sync with the Podfile.lock. Run 'pod install' or update your CocoaPods installation.\" >&2\n    exit 1\nfi\n# This output is used by Xcode 'outputs' to avoid re-running this script phase.\necho \"SUCCESS\" > \"${SCRIPT_OUTPUT_FILE_0}\"\n";
			showEnvVarsInLog = 0;
		};
/* End PBXShellScriptBuildPhase section */

/* Begin PBXSourcesBuildPhase section */
		89C91A3425BCD85F00C545F5 /* Sources */ = {
			isa = PBXSourcesBuildPhase;
			buildActionMask = 2147483647;
			files = (
				89C91A6025BCDA6D00C545F5 /* AppCoordinator.swift in Sources */,
				89C91A6725BCE02400C545F5 /* ServiceBase.swift in Sources */,
				89E0B59625BCEAF9002B583A /* Meal.swift in Sources */,
				89C91A3C25BCD85F00C545F5 /* AppDelegate.swift in Sources */,
				89C91A3E25BCD85F00C545F5 /* SceneDelegate.swift in Sources */,
				89C91A6325BCDC0C00C545F5 /* MealService.swift in Sources */,
				89C91A5E25BCDA4D00C545F5 /* Coordinator.swift in Sources */,
			);
			runOnlyForDeploymentPostprocessing = 0;
		};
		89C91A4A25BCD86000C545F5 /* Sources */ = {
			isa = PBXSourcesBuildPhase;
			buildActionMask = 2147483647;
			files = (
				89C91A5325BCD86000C545F5 /* UalaTestTests.swift in Sources */,
			);
			runOnlyForDeploymentPostprocessing = 0;
		};
/* End PBXSourcesBuildPhase section */

/* Begin PBXTargetDependency section */
		89C91A5025BCD86000C545F5 /* PBXTargetDependency */ = {
			isa = PBXTargetDependency;
			target = 89C91A3725BCD85F00C545F5 /* UalaTest */;
			targetProxy = 89C91A4F25BCD86000C545F5 /* PBXContainerItemProxy */;
		};
/* End PBXTargetDependency section */

/* Begin PBXVariantGroup section */
		89C91A4625BCD86000C545F5 /* LaunchScreen.storyboard */ = {
			isa = PBXVariantGroup;
			children = (
				89C91A4725BCD86000C545F5 /* Base */,
			);
			name = LaunchScreen.storyboard;
			sourceTree = "<group>";
		};
/* End PBXVariantGroup section */

/* Begin XCBuildConfiguration section */
		89C91A5525BCD86000C545F5 /* Debug */ = {
			isa = XCBuildConfiguration;
			buildSettings = {
				ALWAYS_SEARCH_USER_PATHS = NO;
				CLANG_ANALYZER_NONNULL = YES;
				CLANG_ANALYZER_NUMBER_OBJECT_CONVERSION = YES_AGGRESSIVE;
				CLANG_CXX_LANGUAGE_STANDARD = "gnu++14";
				CLANG_CXX_LIBRARY = "libc++";
				CLANG_ENABLE_MODULES = YES;
				CLANG_ENABLE_OBJC_ARC = YES;
				CLANG_ENABLE_OBJC_WEAK = YES;
				CLANG_WARN_BLOCK_CAPTURE_AUTORELEASING = YES;
				CLANG_WARN_BOOL_CONVERSION = YES;
				CLANG_WARN_COMMA = YES;
				CLANG_WARN_CONSTANT_CONVERSION = YES;
				CLANG_WARN_DEPRECATED_OBJC_IMPLEMENTATIONS = YES;
				CLANG_WARN_DIRECT_OBJC_ISA_USAGE = YES_ERROR;
				CLANG_WARN_DOCUMENTATION_COMMENTS = YES;
				CLANG_WARN_EMPTY_BODY = YES;
				CLANG_WARN_ENUM_CONVERSION = YES;
				CLANG_WARN_INFINITE_RECURSION = YES;
				CLANG_WARN_INT_CONVERSION = YES;
				CLANG_WARN_NON_LITERAL_NULL_CONVERSION = YES;
				CLANG_WARN_OBJC_IMPLICIT_RETAIN_SELF = YES;
				CLANG_WARN_OBJC_LITERAL_CONVERSION = YES;
				CLANG_WARN_OBJC_ROOT_CLASS = YES_ERROR;
				CLANG_WARN_RANGE_LOOP_ANALYSIS = YES;
				CLANG_WARN_STRICT_PROTOTYPES = YES;
				CLANG_WARN_SUSPICIOUS_MOVE = YES;
				CLANG_WARN_UNGUARDED_AVAILABILITY = YES_AGGRESSIVE;
				CLANG_WARN_UNREACHABLE_CODE = YES;
				CLANG_WARN__DUPLICATE_METHOD_MATCH = YES;
				COPY_PHASE_STRIP = NO;
				DEBUG_INFORMATION_FORMAT = dwarf;
				ENABLE_STRICT_OBJC_MSGSEND = YES;
				ENABLE_TESTABILITY = YES;
				GCC_C_LANGUAGE_STANDARD = gnu11;
				GCC_DYNAMIC_NO_PIC = NO;
				GCC_NO_COMMON_BLOCKS = YES;
				GCC_OPTIMIZATION_LEVEL = 0;
				GCC_PREPROCESSOR_DEFINITIONS = (
					"DEBUG=1",
					"$(inherited)",
				);
				GCC_WARN_64_TO_32_BIT_CONVERSION = YES;
				GCC_WARN_ABOUT_RETURN_TYPE = YES_ERROR;
				GCC_WARN_UNDECLARED_SELECTOR = YES;
				GCC_WARN_UNINITIALIZED_AUTOS = YES_AGGRESSIVE;
				GCC_WARN_UNUSED_FUNCTION = YES;
				GCC_WARN_UNUSED_VARIABLE = YES;
				IPHONEOS_DEPLOYMENT_TARGET = 13.2;
				MTL_ENABLE_DEBUG_INFO = INCLUDE_SOURCE;
				MTL_FAST_MATH = YES;
				ONLY_ACTIVE_ARCH = YES;
				SDKROOT = iphoneos;
				SWIFT_ACTIVE_COMPILATION_CONDITIONS = DEBUG;
				SWIFT_OPTIMIZATION_LEVEL = "-Onone";
			};
			name = Debug;
		};
		89C91A5625BCD86000C545F5 /* Release */ = {
			isa = XCBuildConfiguration;
			buildSettings = {
				ALWAYS_SEARCH_USER_PATHS = NO;
				CLANG_ANALYZER_NONNULL = YES;
				CLANG_ANALYZER_NUMBER_OBJECT_CONVERSION = YES_AGGRESSIVE;
				CLANG_CXX_LANGUAGE_STANDARD = "gnu++14";
				CLANG_CXX_LIBRARY = "libc++";
				CLANG_ENABLE_MODULES = YES;
				CLANG_ENABLE_OBJC_ARC = YES;
				CLANG_ENABLE_OBJC_WEAK = YES;
				CLANG_WARN_BLOCK_CAPTURE_AUTORELEASING = YES;
				CLANG_WARN_BOOL_CONVERSION = YES;
				CLANG_WARN_COMMA = YES;
				CLANG_WARN_CONSTANT_CONVERSION = YES;
				CLANG_WARN_DEPRECATED_OBJC_IMPLEMENTATIONS = YES;
				CLANG_WARN_DIRECT_OBJC_ISA_USAGE = YES_ERROR;
				CLANG_WARN_DOCUMENTATION_COMMENTS = YES;
				CLANG_WARN_EMPTY_BODY = YES;
				CLANG_WARN_ENUM_CONVERSION = YES;
				CLANG_WARN_INFINITE_RECURSION = YES;
				CLANG_WARN_INT_CONVERSION = YES;
				CLANG_WARN_NON_LITERAL_NULL_CONVERSION = YES;
				CLANG_WARN_OBJC_IMPLICIT_RETAIN_SELF = YES;
				CLANG_WARN_OBJC_LITERAL_CONVERSION = YES;
				CLANG_WARN_OBJC_ROOT_CLASS = YES_ERROR;
				CLANG_WARN_RANGE_LOOP_ANALYSIS = YES;
				CLANG_WARN_STRICT_PROTOTYPES = YES;
				CLANG_WARN_SUSPICIOUS_MOVE = YES;
				CLANG_WARN_UNGUARDED_AVAILABILITY = YES_AGGRESSIVE;
				CLANG_WARN_UNREACHABLE_CODE = YES;
				CLANG_WARN__DUPLICATE_METHOD_MATCH = YES;
				COPY_PHASE_STRIP = NO;
				DEBUG_INFORMATION_FORMAT = "dwarf-with-dsym";
				ENABLE_NS_ASSERTIONS = NO;
				ENABLE_STRICT_OBJC_MSGSEND = YES;
				GCC_C_LANGUAGE_STANDARD = gnu11;
				GCC_NO_COMMON_BLOCKS = YES;
				GCC_WARN_64_TO_32_BIT_CONVERSION = YES;
				GCC_WARN_ABOUT_RETURN_TYPE = YES_ERROR;
				GCC_WARN_UNDECLARED_SELECTOR = YES;
				GCC_WARN_UNINITIALIZED_AUTOS = YES_AGGRESSIVE;
				GCC_WARN_UNUSED_FUNCTION = YES;
				GCC_WARN_UNUSED_VARIABLE = YES;
				IPHONEOS_DEPLOYMENT_TARGET = 13.2;
				MTL_ENABLE_DEBUG_INFO = NO;
				MTL_FAST_MATH = YES;
				SDKROOT = iphoneos;
				SWIFT_COMPILATION_MODE = wholemodule;
				SWIFT_OPTIMIZATION_LEVEL = "-O";
				VALIDATE_PRODUCT = YES;
			};
			name = Release;
		};
		89C91A5825BCD86000C545F5 /* Debug */ = {
			isa = XCBuildConfiguration;
			baseConfigurationReference = 1ABC590428872BF1A58562E8 /* Pods-UalaTest.debug.xcconfig */;
			buildSettings = {
				ASSETCATALOG_COMPILER_APPICON_NAME = AppIcon;
				CODE_SIGN_STYLE = Automatic;
				DEVELOPMENT_TEAM = Q952LB8Z43;
				INFOPLIST_FILE = UalaTest/Info.plist;
				LD_RUNPATH_SEARCH_PATHS = (
					"$(inherited)",
					"@executable_path/Frameworks",
				);
				PRODUCT_BUNDLE_IDENTIFIER = com.piro.UalaTest;
				PRODUCT_NAME = "$(TARGET_NAME)";
				SWIFT_VERSION = 5.0;
				TARGETED_DEVICE_FAMILY = "1,2";
			};
			name = Debug;
		};
		89C91A5925BCD86000C545F5 /* Release */ = {
			isa = XCBuildConfiguration;
			baseConfigurationReference = 5F15E58643CFA214A258B3C5 /* Pods-UalaTest.release.xcconfig */;
			buildSettings = {
				ASSETCATALOG_COMPILER_APPICON_NAME = AppIcon;
				CODE_SIGN_STYLE = Automatic;
				DEVELOPMENT_TEAM = Q952LB8Z43;
				INFOPLIST_FILE = UalaTest/Info.plist;
				LD_RUNPATH_SEARCH_PATHS = (
					"$(inherited)",
					"@executable_path/Frameworks",
				);
				PRODUCT_BUNDLE_IDENTIFIER = com.piro.UalaTest;
				PRODUCT_NAME = "$(TARGET_NAME)";
				SWIFT_VERSION = 5.0;
				TARGETED_DEVICE_FAMILY = "1,2";
			};
			name = Release;
		};
		89C91A5B25BCD86000C545F5 /* Debug */ = {
			isa = XCBuildConfiguration;
			baseConfigurationReference = 2FA3F54C6D22541805827A38 /* Pods-UalaTestTests.debug.xcconfig */;
			buildSettings = {
				ALWAYS_EMBED_SWIFT_STANDARD_LIBRARIES = YES;
				BUNDLE_LOADER = "$(TEST_HOST)";
				CODE_SIGN_STYLE = Automatic;
				DEVELOPMENT_TEAM = Q952LB8Z43;
				INFOPLIST_FILE = UalaTestTests/Info.plist;
				IPHONEOS_DEPLOYMENT_TARGET = 13.2;
				LD_RUNPATH_SEARCH_PATHS = (
					"$(inherited)",
					"@executable_path/Frameworks",
					"@loader_path/Frameworks",
				);
				PRODUCT_BUNDLE_IDENTIFIER = com.piro.UalaTestTests;
				PRODUCT_NAME = "$(TARGET_NAME)";
				SWIFT_VERSION = 5.0;
				TARGETED_DEVICE_FAMILY = "1,2";
				TEST_HOST = "$(BUILT_PRODUCTS_DIR)/UalaTest.app/UalaTest";
			};
			name = Debug;
		};
		89C91A5C25BCD86000C545F5 /* Release */ = {
			isa = XCBuildConfiguration;
			baseConfigurationReference = 7A4A4B53DCDBC3BFD6EF15B7 /* Pods-UalaTestTests.release.xcconfig */;
			buildSettings = {
				ALWAYS_EMBED_SWIFT_STANDARD_LIBRARIES = YES;
				BUNDLE_LOADER = "$(TEST_HOST)";
				CODE_SIGN_STYLE = Automatic;
				DEVELOPMENT_TEAM = Q952LB8Z43;
				INFOPLIST_FILE = UalaTestTests/Info.plist;
				IPHONEOS_DEPLOYMENT_TARGET = 13.2;
				LD_RUNPATH_SEARCH_PATHS = (
					"$(inherited)",
					"@executable_path/Frameworks",
					"@loader_path/Frameworks",
				);
				PRODUCT_BUNDLE_IDENTIFIER = com.piro.UalaTestTests;
				PRODUCT_NAME = "$(TARGET_NAME)";
				SWIFT_VERSION = 5.0;
				TARGETED_DEVICE_FAMILY = "1,2";
				TEST_HOST = "$(BUILT_PRODUCTS_DIR)/UalaTest.app/UalaTest";
			};
			name = Release;
		};
/* End XCBuildConfiguration section */

/* Begin XCConfigurationList section */
		89C91A3325BCD85F00C545F5 /* Build configuration list for PBXProject "UalaTest" */ = {
			isa = XCConfigurationList;
			buildConfigurations = (
				89C91A5525BCD86000C545F5 /* Debug */,
				89C91A5625BCD86000C545F5 /* Release */,
			);
			defaultConfigurationIsVisible = 0;
			defaultConfigurationName = Release;
		};
		89C91A5725BCD86000C545F5 /* Build configuration list for PBXNativeTarget "UalaTest" */ = {
			isa = XCConfigurationList;
			buildConfigurations = (
				89C91A5825BCD86000C545F5 /* Debug */,
				89C91A5925BCD86000C545F5 /* Release */,
			);
			defaultConfigurationIsVisible = 0;
			defaultConfigurationName = Release;
		};
		89C91A5A25BCD86000C545F5 /* Build configuration list for PBXNativeTarget "UalaTestTests" */ = {
			isa = XCConfigurationList;
			buildConfigurations = (
				89C91A5B25BCD86000C545F5 /* Debug */,
				89C91A5C25BCD86000C545F5 /* Release */,
			);
			defaultConfigurationIsVisible = 0;
			defaultConfigurationName = Release;
		};
/* End XCConfigurationList section */
	};
	rootObject = 89C91A3025BCD85F00C545F5 /* Project object */;
}
